
Microsoft Visual Studio Solution File, Format Version 12.00
# Visual Studio Version 16
VisualStudioVersion = 16.0.30128.74
MinimumVisualStudioVersion = 10.0.40219.1
Project("{9A19103F-16F7-4668-BE54-9A1E7A4F7556}") = "ProcessMonitorWeb", "ProcessMonitorWeb.csproj", "{35A4CC5D-793E-4B4D-A0C4-112825A239BD}"
EndProject
Global
	GlobalSection(SolutionConfigurationPlatforms) = preSolution
		Debug|Any CPU = Debug|Any CPU
		Debug|x64 = Debug|x64
		Release|Any CPU = Release|Any CPU
		Release|x64 = Release|x64
	EndGlobalSection
	GlobalSection(ProjectConfigurationPlatforms) = postSolution
		{35A4CC5D-793E-4B4D-A0C4-112825A239BD}.Debug|Any CPU.ActiveCfg = Debug|Any CPU
		{35A4CC5D-793E-4B4D-A0C4-112825A239BD}.Debug|Any CPU.Build.0 = Debug|Any CPU
		{35A4CC5D-793E-4B4D-A0C4-112825A239BD}.Debug|x64.ActiveCfg = Debug|x64
		{35A4CC5D-793E-4B4D-A0C4-112825A239BD}.Debug|x64.Build.0 = Debug|x64
		{35A4CC5D-793E-4B4D-A0C4-112825A239BD}.Release|Any CPU.ActiveCfg = Release|Any CPU
		{35A4CC5D-793E-4B4D-A0C4-112825A239BD}.Release|Any CPU.Build.0 = Release|Any CPU
		{35A4CC5D-793E-4B4D-A0C4-112825A239BD}.Release|x64.ActiveCfg = Release|x64
		{35A4CC5D-793E-4B4D-A0C4-112825A239BD}.Release|x64.Build.0 = Release|x64
	EndGlobalSection
	GlobalSection(SolutionProperties) = preSolution
		HideSolutionNode = FALSE
	EndGlobalSection
	GlobalSection(ExtensibilityGlobals) = postSolution
		SolutionGuid = {EE2B8790-DD97-43B6-882F-4BE63B13C114}
	EndGlobalSection
EndGlobal
